
Microsoft Visual Studio Solution File, Format Version 12.00
# Visual Studio Version 16
VisualStudioVersion = 16.0.31702.278
MinimumVisualStudioVersion = 10.0.40219.1
Project("{FAE04EC0-301F-11D3-BF4B-00C04F79EFBC}") = "BarberShop", "BarberShop\BarberShop.csproj", "{229E7D85-BEAB-4EDF-A1D8-993DC95FFC23}"
EndProject
Global
	GlobalSection(SolutionConfigurationPlatforms) = preSolution
		Debug|Any CPU = Debug|Any CPU
		Release|Any CPU = Release|Any CPU
	EndGlobalSection
	GlobalSection(ProjectConfigurationPlatforms) = postSolution
		{229E7D85-BEAB-4EDF-A1D8-993DC95FFC23}.Debug|Any CPU.ActiveCfg = Debug|Any CPU
		{229E7D85-BEAB-4EDF-A1D8-993DC95FFC23}.Debug|Any CPU.Build.0 = Debug|Any CPU
		{229E7D85-BEAB-4EDF-A1D8-993DC95FFC23}.Release|Any CPU.ActiveCfg = Release|Any CPU
		{229E7D85-BEAB-4EDF-A1D8-993DC95FFC23}.Release|Any CPU.Build.0 = Release|Any CPU
	EndGlobalSection
	GlobalSection(SolutionProperties) = preSolution
		HideSolutionNode = FALSE
	EndGlobalSection
	GlobalSection(ExtensibilityGlobals) = postSolution
		SolutionGuid = {DF4FC2F5-1A71-4106-9166-EE4DFACF9A3E}
	EndGlobalSection
EndGlobal
